{
  "name": "geli-web-frontend",
  "version": "0.3.1",
  "lockfileVersion": 1,
  "requires": true,
  "dependencies": {
    "@angular-devkit/core": {
      "version": "0.0.20",
      "resolved": "https://registry.npmjs.org/@angular-devkit/core/-/core-0.0.20.tgz",
      "integrity": "sha512-lg5BvMxOfbVD//SOQvpq6TPIKTXYNMj0I9N/kfXbXkUGgiBGFLyFMf2fc+qNvDoa7lulKMPT8OJWS1YlGt93eg==",
      "dev": true,
      "requires": {
        "source-map": "0.5.7"
      }
    },
    "@schematics/angular": {
      "version": "0.1.5",
      "resolved": "https://registry.npmjs.org/@schematics/angular/-/angular-0.1.5.tgz",
      "integrity": "sha512-ls2mnpxVd5/la458whcPJYhEkDpvEsF8qcACMC4mNIsxqPUyn/SnjbuZExOW9+1QJGaSYTG17Kilh3N2nEl9XA==",
      "dev": true,
      "requires": {
        "@angular-devkit/core": "0.0.20"
      }
    },
    "source-map": {
      "version": "0.5.7",
      "resolved": "https://registry.npmjs.org/source-map/-/source-map-0.5.7.tgz",
      "integrity": "sha1-igOdLRAh0i0eoUyA2OpGi6LvP8w=",
      "dev": true
    }
  }
}
